
Microsoft Visual Studio Solution File, Format Version 12.00
# Visual Studio Version 16
VisualStudioVersion = 16.0.31321.278
MinimumVisualStudioVersion = 10.0.40219.1
Project("{FAE04EC0-301F-11D3-BF4B-00C04F79EFBC}") = "devops-asp-dot-net-core-app-starter", "devops-asp-dot-net-core-app-starter\devops-asp-dot-net-core-app-starter.csproj", "{66DAED99-E1A4-4684-9DE1-14F436410690}"
EndProject
Global
	GlobalSection(SolutionConfigurationPlatforms) = preSolution
		Debug|Any CPU = Debug|Any CPU
		Release|Any CPU = Release|Any CPU
	EndGlobalSection
	GlobalSection(ProjectConfigurationPlatforms) = postSolution
		{66DAED99-E1A4-4684-9DE1-14F436410690}.Debug|Any CPU.ActiveCfg = Debug|Any CPU
		{66DAED99-E1A4-4684-9DE1-14F436410690}.Debug|Any CPU.Build.0 = Debug|Any CPU
		{66DAED99-E1A4-4684-9DE1-14F436410690}.Release|Any CPU.ActiveCfg = Release|Any CPU
		{66DAED99-E1A4-4684-9DE1-14F436410690}.Release|Any CPU.Build.0 = Release|Any CPU
	EndGlobalSection
	GlobalSection(SolutionProperties) = preSolution
		HideSolutionNode = FALSE
	EndGlobalSection
	GlobalSection(ExtensibilityGlobals) = postSolution
		SolutionGuid = {63802D8C-682A-4BD1-88AE-61894487FEC0}
	EndGlobalSection
EndGlobal
